
Microsoft Visual Studio Solution File, Format Version 12.00
# Visual Studio Version 16
VisualStudioVersion = 16.0.30717.126
MinimumVisualStudioVersion = 10.0.40219.1
Project("{FAE04EC0-301F-11D3-BF4B-00C04F79EFBC}") = "ABCD-OnlineMall", "ABCD-OnlineMall\ABCD-OnlineMall.csproj", "{71D73FE1-5CB5-48B0-9239-681F3326A439}"
EndProject
Global
	GlobalSection(SolutionConfigurationPlatforms) = preSolution
		Debug|Any CPU = Debug|Any CPU
		Release|Any CPU = Release|Any CPU
	EndGlobalSection
	GlobalSection(ProjectConfigurationPlatforms) = postSolution
		{71D73FE1-5CB5-48B0-9239-681F3326A439}.Debug|Any CPU.ActiveCfg = Debug|Any CPU
		{71D73FE1-5CB5-48B0-9239-681F3326A439}.Debug|Any CPU.Build.0 = Debug|Any CPU
		{71D73FE1-5CB5-48B0-9239-681F3326A439}.Release|Any CPU.ActiveCfg = Release|Any CPU
		{71D73FE1-5CB5-48B0-9239-681F3326A439}.Release|Any CPU.Build.0 = Release|Any CPU
	EndGlobalSection
	GlobalSection(SolutionProperties) = preSolution
		HideSolutionNode = FALSE
	EndGlobalSection
	GlobalSection(ExtensibilityGlobals) = postSolution
		SolutionGuid = {7D8F2F22-0231-402D-ADBD-EA549B877647}
	EndGlobalSection
EndGlobal
